
Microsoft Visual Studio Solution File, Format Version 12.00
# Visual Studio Version 17
VisualStudioVersion = 17.4.33205.214
MinimumVisualStudioVersion = 10.0.40219.1
Project("{9A19103F-16F7-4668-BE54-9A1E7A4F7556}") = "ServerlessCarRent.Functions", "ServerlessCarRent.Functions\ServerlessCarRent.Functions.csproj", "{6A46C13D-DA72-4836-92C8-A357B7EF987D}"
EndProject
Project("{9A19103F-16F7-4668-BE54-9A1E7A4F7556}") = "ServerlessCarRent.Common", "ServerlessCarRent.Common\ServerlessCarRent.Common.csproj", "{C5C9D943-B689-445F-802D-77C3EAA7B4D7}"
EndProject
Project("{9A19103F-16F7-4668-BE54-9A1E7A4F7556}") = "ServerlessCarRent.RestClient", "ServerlessCarRent.RestClient\ServerlessCarRent.RestClient.csproj", "{9EA7D7A8-4735-40BC-8681-2D112919B65F}"
EndProject
Project("{9A19103F-16F7-4668-BE54-9A1E7A4F7556}") = "ServerlessCarRent.Console", "ServerlessCarRent.Console\ServerlessCarRent.Console.csproj", "{FCC05A3F-15AD-40E3-B07E-D6B163A4AA7D}"
EndProject
Project("{9A19103F-16F7-4668-BE54-9A1E7A4F7556}") = "ServerlessCarRent.WebSite", "ServerlessCarRent.WebSite\ServerlessCarRent.WebSite.csproj", "{32191208-A3A8-4441-9DC9-743970DECA69}"
EndProject
Project("{2150E333-8FDC-42A3-9474-1A3956D46DE8}") = "Tests", "Tests", "{CD864B0E-8E21-40FF-917D-9488936C76C9}"
EndProject
Project("{9A19103F-16F7-4668-BE54-9A1E7A4F7556}") = "ServerlessCarRent.Functions.Tests", "Tests\ServerlessCarRent.Functions.Tests\ServerlessCarRent.Functions.Tests.csproj", "{6643B0C7-DBEB-40FF-8B6C-8890567D19D8}"
EndProject
Project("{FAE04EC0-301F-11D3-BF4B-00C04F79EFBC}") = "ServerlessCarRent.Common.Tests", "Tests\ServerlessCarRent.Common.Tests\ServerlessCarRent.Common.Tests.csproj", "{F1752911-30F5-4554-BA1C-FE6B6DC5F2A9}"
EndProject
Global
	GlobalSection(SolutionConfigurationPlatforms) = preSolution
		Debug|Any CPU = Debug|Any CPU
		Release|Any CPU = Release|Any CPU
	EndGlobalSection
	GlobalSection(ProjectConfigurationPlatforms) = postSolution
		{6A46C13D-DA72-4836-92C8-A357B7EF987D}.Debug|Any CPU.ActiveCfg = Debug|Any CPU
		{6A46C13D-DA72-4836-92C8-A357B7EF987D}.Debug|Any CPU.Build.0 = Debug|Any CPU
		{6A46C13D-DA72-4836-92C8-A357B7EF987D}.Release|Any CPU.ActiveCfg = Release|Any CPU
		{6A46C13D-DA72-4836-92C8-A357B7EF987D}.Release|Any CPU.Build.0 = Release|Any CPU
		{C5C9D943-B689-445F-802D-77C3EAA7B4D7}.Debug|Any CPU.ActiveCfg = Debug|Any CPU
		{C5C9D943-B689-445F-802D-77C3EAA7B4D7}.Debug|Any CPU.Build.0 = Debug|Any CPU
		{C5C9D943-B689-445F-802D-77C3EAA7B4D7}.Release|Any CPU.ActiveCfg = Release|Any CPU
		{C5C9D943-B689-445F-802D-77C3EAA7B4D7}.Release|Any CPU.Build.0 = Release|Any CPU
		{9EA7D7A8-4735-40BC-8681-2D112919B65F}.Debug|Any CPU.ActiveCfg = Debug|Any CPU
		{9EA7D7A8-4735-40BC-8681-2D112919B65F}.Debug|Any CPU.Build.0 = Debug|Any CPU
		{9EA7D7A8-4735-40BC-8681-2D112919B65F}.Release|Any CPU.ActiveCfg = Release|Any CPU
		{9EA7D7A8-4735-40BC-8681-2D112919B65F}.Release|Any CPU.Build.0 = Release|Any CPU
		{FCC05A3F-15AD-40E3-B07E-D6B163A4AA7D}.Debug|Any CPU.ActiveCfg = Debug|Any CPU
		{FCC05A3F-15AD-40E3-B07E-D6B163A4AA7D}.Debug|Any CPU.Build.0 = Debug|Any CPU
		{FCC05A3F-15AD-40E3-B07E-D6B163A4AA7D}.Release|Any CPU.ActiveCfg = Release|Any CPU
		{FCC05A3F-15AD-40E3-B07E-D6B163A4AA7D}.Release|Any CPU.Build.0 = Release|Any CPU
		{32191208-A3A8-4441-9DC9-743970DECA69}.Debug|Any CPU.ActiveCfg = Debug|Any CPU
		{32191208-A3A8-4441-9DC9-743970DECA69}.Debug|Any CPU.Build.0 = Debug|Any CPU
		{32191208-A3A8-4441-9DC9-743970DECA69}.Release|Any CPU.ActiveCfg = Release|Any CPU
		{32191208-A3A8-4441-9DC9-743970DECA69}.Release|Any CPU.Build.0 = Release|Any CPU
		{6643B0C7-DBEB-40FF-8B6C-8890567D19D8}.Debug|Any CPU.ActiveCfg = Debug|Any CPU
		{6643B0C7-DBEB-40FF-8B6C-8890567D19D8}.Debug|Any CPU.Build.0 = Debug|Any CPU
		{6643B0C7-DBEB-40FF-8B6C-8890567D19D8}.Release|Any CPU.ActiveCfg = Release|Any CPU
		{6643B0C7-DBEB-40FF-8B6C-8890567D19D8}.Release|Any CPU.Build.0 = Release|Any CPU
		{F1752911-30F5-4554-BA1C-FE6B6DC5F2A9}.Debug|Any CPU.ActiveCfg = Debug|Any CPU
		{F1752911-30F5-4554-BA1C-FE6B6DC5F2A9}.Debug|Any CPU.Build.0 = Debug|Any CPU
		{F1752911-30F5-4554-BA1C-FE6B6DC5F2A9}.Release|Any CPU.ActiveCfg = Release|Any CPU
		{F1752911-30F5-4554-BA1C-FE6B6DC5F2A9}.Release|Any CPU.Build.0 = Release|Any CPU
	EndGlobalSection
	GlobalSection(SolutionProperties) = preSolution
		HideSolutionNode = FALSE
	EndGlobalSection
	GlobalSection(NestedProjects) = preSolution
		{6643B0C7-DBEB-40FF-8B6C-8890567D19D8} = {CD864B0E-8E21-40FF-917D-9488936C76C9}
		{F1752911-30F5-4554-BA1C-FE6B6DC5F2A9} = {CD864B0E-8E21-40FF-917D-9488936C76C9}
	EndGlobalSection
	GlobalSection(ExtensibilityGlobals) = postSolution
		SolutionGuid = {E74BEF7F-D759-4FEC-96E8-4F919DE57DD8}
	EndGlobalSection
EndGlobal
